// !$*UTF8*$!
{
	archiveVersion = 1;
	classes = {
	};
	objectVersion = 48;
	objects = {

/* Begin PBXBuildFile section */
		380B2FC01F71E62200046631 /* localizable.strings in Resources */ = {isa = PBXBuildFile; fileRef = 380B2FBF1F71E62200046631 /* localizable.strings */; };
		380B2FC41F71E64D00046631 /* ColorsList.txt in Resources */ = {isa = PBXBuildFile; fileRef = 380B2FC31F71E64D00046631 /* ColorsList.txt */; };
		380B2FCB1F72166900046631 /* MyColors.swift in Sources */ = {isa = PBXBuildFile; fileRef = 380B2FCA1F72166900046631 /* MyColors.swift */; };
		380B2FCD1F72194600046631 /* PhotoViewerNavController.swift in Sources */ = {isa = PBXBuildFile; fileRef = 380B2FCC1F72194600046631 /* PhotoViewerNavController.swift */; };
		380B2FD01F721DC200046631 /* PhotoCollectionViewController.swift in Sources */ = {isa = PBXBuildFile; fileRef = 380B2FCF1F721DC100046631 /* PhotoCollectionViewController.swift */; };
		380B2FD11F7221FF00046631 /* String+L10n.swift in Sources */ = {isa = PBXBuildFile; fileRef = 380B2FC61F7214C200046631 /* String+L10n.swift */; };
		380B2FD31F722C9800046631 /* Photo.swift in Sources */ = {isa = PBXBuildFile; fileRef = 380B2FD21F722C9800046631 /* Photo.swift */; };
		383A8F901F70EBB700216B24 /* AppDelegate.swift in Sources */ = {isa = PBXBuildFile; fileRef = 383A8F8F1F70EBB700216B24 /* AppDelegate.swift */; };
		383A8F951F70EBB700216B24 /* Main.storyboard in Resources */ = {isa = PBXBuildFile; fileRef = 383A8F931F70EBB700216B24 /* Main.storyboard */; };
		383A8F971F70EBB700216B24 /* Assets.xcassets in Resources */ = {isa = PBXBuildFile; fileRef = 383A8F961F70EBB700216B24 /* Assets.xcassets */; };
		383A8F9A1F70EBB700216B24 /* LaunchScreen.storyboard in Resources */ = {isa = PBXBuildFile; fileRef = 383A8F981F70EBB700216B24 /* LaunchScreen.storyboard */; };
		383A8FA51F70EBB700216B24 /* MyPhotoViewerTests.swift in Sources */ = {isa = PBXBuildFile; fileRef = 383A8FA41F70EBB700216B24 /* MyPhotoViewerTests.swift */; };
		383CAAD11F72BD8500927FAE /* Errors.swift in Sources */ = {isa = PBXBuildFile; fileRef = 383CAAD01F72BD8500927FAE /* Errors.swift */; };
		383CAAD31F72C28E00927FAE /* Optional+Extensions.swift in Sources */ = {isa = PBXBuildFile; fileRef = 383CAAD21F72C28E00927FAE /* Optional+Extensions.swift */; };
		9BEBDB181C734B377E3BEF8D /* Pods_MyPhotoViewerTests.framework in Frameworks */ = {isa = PBXBuildFile; fileRef = 062E60BCB68ADB988E63B4B7 /* Pods_MyPhotoViewerTests.framework */; };
		FB7DE7CFC61C2CA6BC08A9D6 /* Pods_MyPhotoViewer.framework in Frameworks */ = {isa = PBXBuildFile; fileRef = E25D1398769947FD28241EFD /* Pods_MyPhotoViewer.framework */; };
/* End PBXBuildFile section */

/* Begin PBXContainerItemProxy section */
		383A8FA11F70EBB700216B24 /* PBXContainerItemProxy */ = {
			isa = PBXContainerItemProxy;
			containerPortal = 383A8F841F70EBB600216B24 /* Project object */;
			proxyType = 1;
			remoteGlobalIDString = 383A8F8B1F70EBB700216B24;
			remoteInfo = MyPhotoViewer;
		};
/* End PBXContainerItemProxy section */

/* Begin PBXFileReference section */
		062E60BCB68ADB988E63B4B7 /* Pods_MyPhotoViewerTests.framework */ = {isa = PBXFileReference; explicitFileType = wrapper.framework; includeInIndex = 0; path = Pods_MyPhotoViewerTests.framework; sourceTree = BUILT_PRODUCTS_DIR; };
		380B2FBF1F71E62200046631 /* localizable.strings */ = {isa = PBXFileReference; lastKnownFileType = text.plist.strings; path = localizable.strings; sourceTree = "<group>"; };
		380B2FC31F71E64D00046631 /* ColorsList.txt */ = {isa = PBXFileReference; lastKnownFileType = text; path = ColorsList.txt; sourceTree = "<group>"; };
		380B2FC61F7214C200046631 /* String+L10n.swift */ = {isa = PBXFileReference; lastKnownFileType = sourcecode.swift; path = "String+L10n.swift"; sourceTree = "<group>"; };
		380B2FCA1F72166900046631 /* MyColors.swift */ = {isa = PBXFileReference; lastKnownFileType = sourcecode.swift; path = MyColors.swift; sourceTree = "<group>"; };
		380B2FCC1F72194600046631 /* PhotoViewerNavController.swift */ = {isa = PBXFileReference; lastKnownFileType = sourcecode.swift; path = PhotoViewerNavController.swift; sourceTree = "<group>"; };
		380B2FCF1F721DC100046631 /* PhotoCollectionViewController.swift */ = {isa = PBXFileReference; lastKnownFileType = sourcecode.swift; path = PhotoCollectionViewController.swift; sourceTree = "<group>"; };
		380B2FD21F722C9800046631 /* Photo.swift */ = {isa = PBXFileReference; lastKnownFileType = sourcecode.swift; path = Photo.swift; sourceTree = "<group>"; };
		383A8F8C1F70EBB700216B24 /* MyPhotoViewer.app */ = {isa = PBXFileReference; explicitFileType = wrapper.application; includeInIndex = 0; path = MyPhotoViewer.app; sourceTree = BUILT_PRODUCTS_DIR; };
		383A8F8F1F70EBB700216B24 /* AppDelegate.swift */ = {isa = PBXFileReference; lastKnownFileType = sourcecode.swift; path = AppDelegate.swift; sourceTree = "<group>"; };
		383A8F941F70EBB700216B24 /* Base */ = {isa = PBXFileReference; lastKnownFileType = file.storyboard; name = Base; path = Base.lproj/Main.storyboard; sourceTree = "<group>"; };
		383A8F961F70EBB700216B24 /* Assets.xcassets */ = {isa = PBXFileReference; lastKnownFileType = folder.assetcatalog; path = Assets.xcassets; sourceTree = "<group>"; };
		383A8F991F70EBB700216B24 /* Base */ = {isa = PBXFileReference; lastKnownFileType = file.storyboard; name = Base; path = Base.lproj/LaunchScreen.storyboard; sourceTree = "<group>"; };
		383A8F9B1F70EBB700216B24 /* Info.plist */ = {isa = PBXFileReference; lastKnownFileType = text.plist.xml; path = Info.plist; sourceTree = "<group>"; };
		383A8FA01F70EBB700216B24 /* MyPhotoViewerTests.xctest */ = {isa = PBXFileReference; explicitFileType = wrapper.cfbundle; includeInIndex = 0; path = MyPhotoViewerTests.xctest; sourceTree = BUILT_PRODUCTS_DIR; };
		383A8FA41F70EBB700216B24 /* MyPhotoViewerTests.swift */ = {isa = PBXFileReference; lastKnownFileType = sourcecode.swift; path = MyPhotoViewerTests.swift; sourceTree = "<group>"; };
		383A8FA61F70EBB700216B24 /* Info.plist */ = {isa = PBXFileReference; lastKnownFileType = text.plist.xml; path = Info.plist; sourceTree = "<group>"; };
		383CAAD01F72BD8500927FAE /* Errors.swift */ = {isa = PBXFileReference; lastKnownFileType = sourcecode.swift; path = Errors.swift; sourceTree = "<group>"; };
		383CAAD21F72C28E00927FAE /* Optional+Extensions.swift */ = {isa = PBXFileReference; lastKnownFileType = sourcecode.swift; path = "Optional+Extensions.swift"; sourceTree = "<group>"; };
		536D2837F1954C25D2A511A1 /* Pods-MyPhotoViewer.debug.xcconfig */ = {isa = PBXFileReference; includeInIndex = 1; lastKnownFileType = text.xcconfig; name = "Pods-MyPhotoViewer.debug.xcconfig"; path = "Pods/Target Support Files/Pods-MyPhotoViewer/Pods-MyPhotoViewer.debug.xcconfig"; sourceTree = "<group>"; };
		AF4DDDC2F9D5AC00D741E3F7 /* Pods-MyPhotoViewerTests.release.xcconfig */ = {isa = PBXFileReference; includeInIndex = 1; lastKnownFileType = text.xcconfig; name = "Pods-MyPhotoViewerTests.release.xcconfig"; path = "Pods/Target Support Files/Pods-MyPhotoViewerTests/Pods-MyPhotoViewerTests.release.xcconfig"; sourceTree = "<group>"; };
		DF80766634E60274555D7252 /* Pods-MyPhotoViewerTests.debug.xcconfig */ = {isa = PBXFileReference; includeInIndex = 1; lastKnownFileType = text.xcconfig; name = "Pods-MyPhotoViewerTests.debug.xcconfig"; path = "Pods/Target Support Files/Pods-MyPhotoViewerTests/Pods-MyPhotoViewerTests.debug.xcconfig"; sourceTree = "<group>"; };
		E25D1398769947FD28241EFD /* Pods_MyPhotoViewer.framework */ = {isa = PBXFileReference; explicitFileType = wrapper.framework; includeInIndex = 0; path = Pods_MyPhotoViewer.framework; sourceTree = BUILT_PRODUCTS_DIR; };
		FA4C3949D6F8B6B561ED33C8 /* Pods-MyPhotoViewer.release.xcconfig */ = {isa = PBXFileReference; includeInIndex = 1; lastKnownFileType = text.xcconfig; name = "Pods-MyPhotoViewer.release.xcconfig"; path = "Pods/Target Support Files/Pods-MyPhotoViewer/Pods-MyPhotoViewer.release.xcconfig"; sourceTree = "<group>"; };
/* End PBXFileReference section */

/* Begin PBXFrameworksBuildPhase section */
		383A8F891F70EBB700216B24 /* Frameworks */ = {
			isa = PBXFrameworksBuildPhase;
			buildActionMask = 2147483647;
			files = (
				FB7DE7CFC61C2CA6BC08A9D6 /* Pods_MyPhotoViewer.framework in Frameworks */,
			);
			runOnlyForDeploymentPostprocessing = 0;
		};
		383A8F9D1F70EBB700216B24 /* Frameworks */ = {
			isa = PBXFrameworksBuildPhase;
			buildActionMask = 2147483647;
			files = (
				9BEBDB181C734B377E3BEF8D /* Pods_MyPhotoViewerTests.framework in Frameworks */,
			);
			runOnlyForDeploymentPostprocessing = 0;
		};
/* End PBXFrameworksBuildPhase section */

/* Begin PBXGroup section */
		0A7DF9A7419385DA1EA8C897 /* Pods */ = {
			isa = PBXGroup;
			children = (
				536D2837F1954C25D2A511A1 /* Pods-MyPhotoViewer.debug.xcconfig */,
				FA4C3949D6F8B6B561ED33C8 /* Pods-MyPhotoViewer.release.xcconfig */,
				DF80766634E60274555D7252 /* Pods-MyPhotoViewerTests.debug.xcconfig */,
				AF4DDDC2F9D5AC00D741E3F7 /* Pods-MyPhotoViewerTests.release.xcconfig */,
			);
			name = Pods;
			sourceTree = "<group>";
		};
		380B2FBE1F71E60D00046631 /* SwiftGen resources */ = {
			isa = PBXGroup;
			children = (
				380B2FBF1F71E62200046631 /* localizable.strings */,
				380B2FC61F7214C200046631 /* String+L10n.swift */,
				380B2FC31F71E64D00046631 /* ColorsList.txt */,
				380B2FCA1F72166900046631 /* MyColors.swift */,
			);
			path = "SwiftGen resources";
			sourceTree = "<group>";
		};
		383A8F831F70EBB600216B24 = {
			isa = PBXGroup;
			children = (
				383A8F8E1F70EBB700216B24 /* MyPhotoViewer */,
				383A8FA31F70EBB700216B24 /* MyPhotoViewerTests */,
				383A8F8D1F70EBB700216B24 /* Products */,
				0A7DF9A7419385DA1EA8C897 /* Pods */,
				C5B29DE02ABE0D0D3355B2A6 /* Frameworks */,
			);
			sourceTree = "<group>";
		};
		383A8F8D1F70EBB700216B24 /* Products */ = {
			isa = PBXGroup;
			children = (
				383A8F8C1F70EBB700216B24 /* MyPhotoViewer.app */,
				383A8FA01F70EBB700216B24 /* MyPhotoViewerTests.xctest */,
			);
			name = Products;
			sourceTree = "<group>";
		};
		383A8F8E1F70EBB700216B24 /* MyPhotoViewer */ = {
			isa = PBXGroup;
			children = (
				383A8F8F1F70EBB700216B24 /* AppDelegate.swift */,
				383A8F961F70EBB700216B24 /* Assets.xcassets */,
				383A8F981F70EBB700216B24 /* LaunchScreen.storyboard */,
				383A8F9B1F70EBB700216B24 /* Info.plist */,
				380B2FBE1F71E60D00046631 /* SwiftGen resources */,
				383A8F931F70EBB700216B24 /* Main.storyboard */,
				383CAACF1F72B8BE00927FAE /* Model(s) */,
				380B2FCC1F72194600046631 /* PhotoViewerNavController.swift */,
				380B2FCF1F721DC100046631 /* PhotoCollectionViewController.swift */,
				383CAAD41F72C29400927FAE /* Supporting */,
			);
			path = MyPhotoViewer;
			sourceTree = "<group>";
		};
		383A8FA31F70EBB700216B24 /* MyPhotoViewerTests */ = {
			isa = PBXGroup;
			children = (
				383A8FA41F70EBB700216B24 /* MyPhotoViewerTests.swift */,
				383A8FA61F70EBB700216B24 /* Info.plist */,
			);
			path = MyPhotoViewerTests;
			sourceTree = "<group>";
		};
		383CAACF1F72B8BE00927FAE /* Model(s) */ = {
			isa = PBXGroup;
			children = (
				380B2FD21F722C9800046631 /* Photo.swift */,
			);
			path = "Model(s)";
			sourceTree = "<group>";
		};
		383CAAD41F72C29400927FAE /* Supporting */ = {
			isa = PBXGroup;
			children = (
				383CAAD01F72BD8500927FAE /* Errors.swift */,
				383CAAD21F72C28E00927FAE /* Optional+Extensions.swift */,
			);
			path = Supporting;
			sourceTree = "<group>";
		};
		C5B29DE02ABE0D0D3355B2A6 /* Frameworks */ = {
			isa = PBXGroup;
			children = (
				E25D1398769947FD28241EFD /* Pods_MyPhotoViewer.framework */,
				062E60BCB68ADB988E63B4B7 /* Pods_MyPhotoViewerTests.framework */,
			);
			name = Frameworks;
			sourceTree = "<group>";
		};
/* End PBXGroup section */

/* Begin PBXNativeTarget section */
		383A8F8B1F70EBB700216B24 /* MyPhotoViewer */ = {
			isa = PBXNativeTarget;
			buildConfigurationList = 383A8FA91F70EBB700216B24 /* Build configuration list for PBXNativeTarget "MyPhotoViewer" */;
			buildPhases = (
				54E414A4D79AD9726AF9767B /* [CP] Check Pods Manifest.lock */,
				383A8F881F70EBB700216B24 /* Sources */,
				383A8F891F70EBB700216B24 /* Frameworks */,
				383A8F8A1F70EBB700216B24 /* Resources */,
				3B4D96CC5695D5B7A0B46E8A /* [CP] Embed Pods Frameworks */,
				BDDEDD87044BCEAE63AE4A3D /* [CP] Copy Pods Resources */,
				380B2FC51F71E6A000046631 /* SwiftGen */,
			);
			buildRules = (
			);
			dependencies = (
			);
			name = MyPhotoViewer;
			productName = MyPhotoViewer;
			productReference = 383A8F8C1F70EBB700216B24 /* MyPhotoViewer.app */;
			productType = "com.apple.product-type.application";
		};
		383A8F9F1F70EBB700216B24 /* MyPhotoViewerTests */ = {
			isa = PBXNativeTarget;
			buildConfigurationList = 383A8FAC1F70EBB700216B24 /* Build configuration list for PBXNativeTarget "MyPhotoViewerTests" */;
			buildPhases = (
				5387DD52821652DE9E6FD907 /* [CP] Check Pods Manifest.lock */,
				383A8F9C1F70EBB700216B24 /* Sources */,
				383A8F9D1F70EBB700216B24 /* Frameworks */,
				383A8F9E1F70EBB700216B24 /* Resources */,
				8B60F1604317AD982043C64D /* [CP] Embed Pods Frameworks */,
				B471FD516DD2860431F4D0D3 /* [CP] Copy Pods Resources */,
			);
			buildRules = (
			);
			dependencies = (
				383A8FA21F70EBB700216B24 /* PBXTargetDependency */,
			);
			name = MyPhotoViewerTests;
			productName = MyPhotoViewerTests;
			productReference = 383A8FA01F70EBB700216B24 /* MyPhotoViewerTests.xctest */;
			productType = "com.apple.product-type.bundle.unit-test";
		};
/* End PBXNativeTarget section */

/* Begin PBXProject section */
		383A8F841F70EBB600216B24 /* Project object */ = {
			isa = PBXProject;
			attributes = {
				LastSwiftUpdateCheck = 0900;
				LastUpgradeCheck = 0900;
				ORGANIZATIONNAME = "Amitai Blickstein";
				TargetAttributes = {
					383A8F8B1F70EBB700216B24 = {
						CreatedOnToolsVersion = 9.0;
					};
					383A8F9F1F70EBB700216B24 = {
						CreatedOnToolsVersion = 9.0;
						TestTargetID = 383A8F8B1F70EBB700216B24;
					};
				};
			};
			buildConfigurationList = 383A8F871F70EBB600216B24 /* Build configuration list for PBXProject "MyPhotoViewer" */;
			compatibilityVersion = "Xcode 8.0";
			developmentRegion = en;
			hasScannedForEncodings = 0;
			knownRegions = (
				en,
				Base,
			);
			mainGroup = 383A8F831F70EBB600216B24;
			productRefGroup = 383A8F8D1F70EBB700216B24 /* Products */;
			projectDirPath = "";
			projectRoot = "";
			targets = (
				383A8F8B1F70EBB700216B24 /* MyPhotoViewer */,
				383A8F9F1F70EBB700216B24 /* MyPhotoViewerTests */,
			);
		};
/* End PBXProject section */

/* Begin PBXResourcesBuildPhase section */
		383A8F8A1F70EBB700216B24 /* Resources */ = {
			isa = PBXResourcesBuildPhase;
			buildActionMask = 2147483647;
			files = (
				383A8F9A1F70EBB700216B24 /* LaunchScreen.storyboard in Resources */,
				380B2FC41F71E64D00046631 /* ColorsList.txt in Resources */,
				380B2FC01F71E62200046631 /* localizable.strings in Resources */,
				383A8F971F70EBB700216B24 /* Assets.xcassets in Resources */,
				383A8F951F70EBB700216B24 /* Main.storyboard in Resources */,
			);
			runOnlyForDeploymentPostprocessing = 0;
		};
		383A8F9E1F70EBB700216B24 /* Resources */ = {
			isa = PBXResourcesBuildPhase;
			buildActionMask = 2147483647;
			files = (
			);
			runOnlyForDeploymentPostprocessing = 0;
		};
/* End PBXResourcesBuildPhase section */

/* Begin PBXShellScriptBuildPhase section */
		380B2FC51F71E6A000046631 /* SwiftGen */ = {
			isa = PBXShellScriptBuildPhase;
			buildActionMask = 2147483647;
			files = (
			);
			inputPaths = (
			);
			name = SwiftGen;
			outputPaths = (
			);
			runOnlyForDeploymentPostprocessing = 0;
			shellPath = /bin/sh;
			shellScript = "swiftgen strings -t flat-swift4  \"$SRCROOT/MyPhotoViewer/SwiftGen resources/localizable.strings\" -o \"$SRCROOT/MyPhotoViewer/SwiftGen resources/String+L10n.swift\"\n\nswiftgen colors -t swift4 \"$SRCROOT/MyPhotoViewer/SwiftGen resources/ColorsList.txt\" -o \"$SRCROOT/MyPhotoViewer/Swiftgen resources/MyColors.swift\"";
		};
		3B4D96CC5695D5B7A0B46E8A /* [CP] Embed Pods Frameworks */ = {
			isa = PBXShellScriptBuildPhase;
			buildActionMask = 2147483647;
			files = (
			);
			inputPaths = (
			);
			name = "[CP] Embed Pods Frameworks";
			outputPaths = (
			);
			runOnlyForDeploymentPostprocessing = 0;
			shellPath = /bin/sh;
			shellScript = "\"${SRCROOT}/Pods/Target Support Files/Pods-MyPhotoViewer/Pods-MyPhotoViewer-frameworks.sh\"\n";
			showEnvVarsInLog = 0;
		};
		5387DD52821652DE9E6FD907 /* [CP] Check Pods Manifest.lock */ = {
			isa = PBXShellScriptBuildPhase;
			buildActionMask = 2147483647;
			files = (
			);
			inputPaths = (
				"${PODS_PODFILE_DIR_PATH}/Podfile.lock",
				"${PODS_ROOT}/Manifest.lock",
			);
			name = "[CP] Check Pods Manifest.lock";
			outputPaths = (
				"$(DERIVED_FILE_DIR)/Pods-MyPhotoViewerTests-checkManifestLockResult.txt",
			);
			runOnlyForDeploymentPostprocessing = 0;
			shellPath = /bin/sh;
			shellScript = "diff \"${PODS_PODFILE_DIR_PATH}/Podfile.lock\" \"${PODS_ROOT}/Manifest.lock\" > /dev/null\nif [ $? != 0 ] ; then\n    # print error to STDERR\n    echo \"error: The sandbox is not in sync with the Podfile.lock. Run 'pod install' or update your CocoaPods installation.\" >&2\n    exit 1\nfi\n# This output is used by Xcode 'outputs' to avoid re-running this script phase.\necho \"SUCCESS\" > \"${SCRIPT_OUTPUT_FILE_0}\"\n";
			showEnvVarsInLog = 0;
		};
		54E414A4D79AD9726AF9767B /* [CP] Check Pods Manifest.lock */ = {
			isa = PBXShellScriptBuildPhase;
			buildActionMask = 2147483647;
			files = (
			);
			inputPaths = (
				"${PODS_PODFILE_DIR_PATH}/Podfile.lock",
				"${PODS_ROOT}/Manifest.lock",
			);
			name = "[CP] Check Pods Manifest.lock";
			outputPaths = (
				"$(DERIVED_FILE_DIR)/Pods-MyPhotoViewer-checkManifestLockResult.txt",
			);
			runOnlyForDeploymentPostprocessing = 0;
			shellPath = /bin/sh;
			shellScript = "diff \"${PODS_PODFILE_DIR_PATH}/Podfile.lock\" \"${PODS_ROOT}/Manifest.lock\" > /dev/null\nif [ $? != 0 ] ; then\n    # print error to STDERR\n    echo \"error: The sandbox is not in sync with the Podfile.lock. Run 'pod install' or update your CocoaPods installation.\" >&2\n    exit 1\nfi\n# This output is used by Xcode 'outputs' to avoid re-running this script phase.\necho \"SUCCESS\" > \"${SCRIPT_OUTPUT_FILE_0}\"\n";
			showEnvVarsInLog = 0;
		};
		8B60F1604317AD982043C64D /* [CP] Embed Pods Frameworks */ = {
			isa = PBXShellScriptBuildPhase;
			buildActionMask = 2147483647;
			files = (
			);
			inputPaths = (
			);
			name = "[CP] Embed Pods Frameworks";
			outputPaths = (
			);
			runOnlyForDeploymentPostprocessing = 0;
			shellPath = /bin/sh;
			shellScript = "\"${SRCROOT}/Pods/Target Support Files/Pods-MyPhotoViewerTests/Pods-MyPhotoViewerTests-frameworks.sh\"\n";
			showEnvVarsInLog = 0;
		};
		B471FD516DD2860431F4D0D3 /* [CP] Copy Pods Resources */ = {
			isa = PBXShellScriptBuildPhase;
			buildActionMask = 2147483647;
			files = (
			);
			inputPaths = (
			);
			name = "[CP] Copy Pods Resources";
			outputPaths = (
			);
			runOnlyForDeploymentPostprocessing = 0;
			shellPath = /bin/sh;
			shellScript = "\"${SRCROOT}/Pods/Target Support Files/Pods-MyPhotoViewerTests/Pods-MyPhotoViewerTests-resources.sh\"\n";
			showEnvVarsInLog = 0;
		};
		BDDEDD87044BCEAE63AE4A3D /* [CP] Copy Pods Resources */ = {
			isa = PBXShellScriptBuildPhase;
			buildActionMask = 2147483647;
			files = (
			);
			inputPaths = (
			);
			name = "[CP] Copy Pods Resources";
			outputPaths = (
			);
			runOnlyForDeploymentPostprocessing = 0;
			shellPath = /bin/sh;
			shellScript = "\"${SRCROOT}/Pods/Target Support Files/Pods-MyPhotoViewer/Pods-MyPhotoViewer-resources.sh\"\n";
			showEnvVarsInLog = 0;
		};
/* End PBXShellScriptBuildPhase section */

/* Begin PBXSourcesBuildPhase section */
		383A8F881F70EBB700216B24 /* Sources */ = {
			isa = PBXSourcesBuildPhase;
			buildActionMask = 2147483647;
			files = (
				380B2FD31F722C9800046631 /* Photo.swift in Sources */,
				380B2FCB1F72166900046631 /* MyColors.swift in Sources */,
				380B2FCD1F72194600046631 /* PhotoViewerNavController.swift in Sources */,
				380B2FD11F7221FF00046631 /* String+L10n.swift in Sources */,
				383A8F901F70EBB700216B24 /* AppDelegate.swift in Sources */,
				383CAAD31F72C28E00927FAE /* Optional+Extensions.swift in Sources */,
				380B2FD01F721DC200046631 /* PhotoCollectionViewController.swift in Sources */,
				383CAAD11F72BD8500927FAE /* Errors.swift in Sources */,
			);
			runOnlyForDeploymentPostprocessing = 0;
		};
		383A8F9C1F70EBB700216B24 /* Sources */ = {
			isa = PBXSourcesBuildPhase;
			buildActionMask = 2147483647;
			files = (
				383A8FA51F70EBB700216B24 /* MyPhotoViewerTests.swift in Sources */,
			);
			runOnlyForDeploymentPostprocessing = 0;
		};
/* End PBXSourcesBuildPhase section */

/* Begin PBXTargetDependency section */
		383A8FA21F70EBB700216B24 /* PBXTargetDependency */ = {
			isa = PBXTargetDependency;
			target = 383A8F8B1F70EBB700216B24 /* MyPhotoViewer */;
			targetProxy = 383A8FA11F70EBB700216B24 /* PBXContainerItemProxy */;
		};
/* End PBXTargetDependency section */

/* Begin PBXVariantGroup section */
		383A8F931F70EBB700216B24 /* Main.storyboard */ = {
			isa = PBXVariantGroup;
			children = (
				383A8F941F70EBB700216B24 /* Base */,
			);
			name = Main.storyboard;
			sourceTree = "<group>";
		};
		383A8F981F70EBB700216B24 /* LaunchScreen.storyboard */ = {
			isa = PBXVariantGroup;
			children = (
				383A8F991F70EBB700216B24 /* Base */,
			);
			name = LaunchScreen.storyboard;
			sourceTree = "<group>";
		};
/* End PBXVariantGroup section */

/* Begin XCBuildConfiguration section */
		383A8FA71F70EBB700216B24 /* Debug */ = {
			isa = XCBuildConfiguration;
			buildSettings = {
				ALWAYS_SEARCH_USER_PATHS = NO;
				CLANG_ANALYZER_NONNULL = YES;
				CLANG_ANALYZER_NUMBER_OBJECT_CONVERSION = YES_AGGRESSIVE;
				CLANG_CXX_LANGUAGE_STANDARD = "gnu++14";
				CLANG_CXX_LIBRARY = "libc++";
				CLANG_ENABLE_MODULES = YES;
				CLANG_ENABLE_OBJC_ARC = YES;
				CLANG_WARN_BLOCK_CAPTURE_AUTORELEASING = YES;
				CLANG_WARN_BOOL_CONVERSION = YES;
				CLANG_WARN_COMMA = YES;
				CLANG_WARN_CONSTANT_CONVERSION = YES;
				CLANG_WARN_DIRECT_OBJC_ISA_USAGE = YES_ERROR;
				CLANG_WARN_DOCUMENTATION_COMMENTS = YES;
				CLANG_WARN_EMPTY_BODY = YES;
				CLANG_WARN_ENUM_CONVERSION = YES;
				CLANG_WARN_INFINITE_RECURSION = YES;
				CLANG_WARN_INT_CONVERSION = YES;
				CLANG_WARN_NON_LITERAL_NULL_CONVERSION = YES;
				CLANG_WARN_OBJC_LITERAL_CONVERSION = YES;
				CLANG_WARN_OBJC_ROOT_CLASS = YES_ERROR;
				CLANG_WARN_RANGE_LOOP_ANALYSIS = YES;
				CLANG_WARN_STRICT_PROTOTYPES = YES;
				CLANG_WARN_SUSPICIOUS_MOVE = YES;
				CLANG_WARN_UNGUARDED_AVAILABILITY = YES_AGGRESSIVE;
				CLANG_WARN_UNREACHABLE_CODE = YES;
				CLANG_WARN__DUPLICATE_METHOD_MATCH = YES;
				CODE_SIGN_IDENTITY = "iPhone Developer";
				COPY_PHASE_STRIP = NO;
				DEBUG_INFORMATION_FORMAT = dwarf;
				ENABLE_STRICT_OBJC_MSGSEND = YES;
				ENABLE_TESTABILITY = YES;
				GCC_C_LANGUAGE_STANDARD = gnu11;
				GCC_DYNAMIC_NO_PIC = NO;
				GCC_NO_COMMON_BLOCKS = YES;
				GCC_OPTIMIZATION_LEVEL = 0;
				GCC_PREPROCESSOR_DEFINITIONS = (
					"DEBUG=1",
					"$(inherited)",
				);
				GCC_WARN_64_TO_32_BIT_CONVERSION = YES;
				GCC_WARN_ABOUT_RETURN_TYPE = YES_ERROR;
				GCC_WARN_UNDECLARED_SELECTOR = YES;
				GCC_WARN_UNINITIALIZED_AUTOS = YES_AGGRESSIVE;
				GCC_WARN_UNUSED_FUNCTION = YES;
				GCC_WARN_UNUSED_VARIABLE = YES;
				IPHONEOS_DEPLOYMENT_TARGET = 11.0;
				MTL_ENABLE_DEBUG_INFO = YES;
				ONLY_ACTIVE_ARCH = YES;
				SDKROOT = iphoneos;
				SWIFT_ACTIVE_COMPILATION_CONDITIONS = DEBUG;
				SWIFT_OPTIMIZATION_LEVEL = "-Onone";
			};
			name = Debug;
		};
		383A8FA81F70EBB700216B24 /* Release */ = {
			isa = XCBuildConfiguration;
			buildSettings = {
				ALWAYS_SEARCH_USER_PATHS = NO;
				CLANG_ANALYZER_NONNULL = YES;
				CLANG_ANALYZER_NUMBER_OBJECT_CONVERSION = YES_AGGRESSIVE;
				CLANG_CXX_LANGUAGE_STANDARD = "gnu++14";
				CLANG_CXX_LIBRARY = "libc++";
				CLANG_ENABLE_MODULES = YES;
				CLANG_ENABLE_OBJC_ARC = YES;
				CLANG_WARN_BLOCK_CAPTURE_AUTORELEASING = YES;
				CLANG_WARN_BOOL_CONVERSION = YES;
				CLANG_WARN_COMMA = YES;
				CLANG_WARN_CONSTANT_CONVERSION = YES;
				CLANG_WARN_DIRECT_OBJC_ISA_USAGE = YES_ERROR;
				CLANG_WARN_DOCUMENTATION_COMMENTS = YES;
				CLANG_WARN_EMPTY_BODY = YES;
				CLANG_WARN_ENUM_CONVERSION = YES;
				CLANG_WARN_INFINITE_RECURSION = YES;
				CLANG_WARN_INT_CONVERSION = YES;
				CLANG_WARN_NON_LITERAL_NULL_CONVERSION = YES;
				CLANG_WARN_OBJC_LITERAL_CONVERSION = YES;
				CLANG_WARN_OBJC_ROOT_CLASS = YES_ERROR;
				CLANG_WARN_RANGE_LOOP_ANALYSIS = YES;
				CLANG_WARN_STRICT_PROTOTYPES = YES;
				CLANG_WARN_SUSPICIOUS_MOVE = YES;
				CLANG_WARN_UNGUARDED_AVAILABILITY = YES_AGGRESSIVE;
				CLANG_WARN_UNREACHABLE_CODE = YES;
				CLANG_WARN__DUPLICATE_METHOD_MATCH = YES;
				CODE_SIGN_IDENTITY = "iPhone Developer";
				COPY_PHASE_STRIP = NO;
				DEBUG_INFORMATION_FORMAT = "dwarf-with-dsym";
				ENABLE_NS_ASSERTIONS = NO;
				ENABLE_STRICT_OBJC_MSGSEND = YES;
				GCC_C_LANGUAGE_STANDARD = gnu11;
				GCC_NO_COMMON_BLOCKS = YES;
				GCC_WARN_64_TO_32_BIT_CONVERSION = YES;
				GCC_WARN_ABOUT_RETURN_TYPE = YES_ERROR;
				GCC_WARN_UNDECLARED_SELECTOR = YES;
				GCC_WARN_UNINITIALIZED_AUTOS = YES_AGGRESSIVE;
				GCC_WARN_UNUSED_FUNCTION = YES;
				GCC_WARN_UNUSED_VARIABLE = YES;
				IPHONEOS_DEPLOYMENT_TARGET = 11.0;
				MTL_ENABLE_DEBUG_INFO = NO;
				SDKROOT = iphoneos;
				SWIFT_OPTIMIZATION_LEVEL = "-Owholemodule";
				VALIDATE_PRODUCT = YES;
			};
			name = Release;
		};
		383A8FAA1F70EBB700216B24 /* Debug */ = {
			isa = XCBuildConfiguration;
			baseConfigurationReference = 536D2837F1954C25D2A511A1 /* Pods-MyPhotoViewer.debug.xcconfig */;
			buildSettings = {
				ASSETCATALOG_COMPILER_APPICON_NAME = AppIcon;
				DEVELOPMENT_TEAM = 8VC65F749H;
				INFOPLIST_FILE = MyPhotoViewer/Info.plist;
				LD_RUNPATH_SEARCH_PATHS = "$(inherited) @executable_path/Frameworks";
				PRODUCT_BUNDLE_IDENTIFIER = SpongeBrain.MyPhotoViewer;
				PRODUCT_NAME = "$(TARGET_NAME)";
				SWIFT_VERSION = 4.0;
				TARGETED_DEVICE_FAMILY = "1,2";
			};
			name = Debug;
		};
		383A8FAB1F70EBB700216B24 /* Release */ = {
			isa = XCBuildConfiguration;
			baseConfigurationReference = FA4C3949D6F8B6B561ED33C8 /* Pods-MyPhotoViewer.release.xcconfig */;
			buildSettings = {
				ASSETCATALOG_COMPILER_APPICON_NAME = AppIcon;
				DEVELOPMENT_TEAM = 8VC65F749H;
				INFOPLIST_FILE = MyPhotoViewer/Info.plist;
				LD_RUNPATH_SEARCH_PATHS = "$(inherited) @executable_path/Frameworks";
				PRODUCT_BUNDLE_IDENTIFIER = SpongeBrain.MyPhotoViewer;
				PRODUCT_NAME = "$(TARGET_NAME)";
				SWIFT_VERSION = 4.0;
				TARGETED_DEVICE_FAMILY = "1,2";
			};
			name = Release;
		};
		383A8FAD1F70EBB700216B24 /* Debug */ = {
			isa = XCBuildConfiguration;
			baseConfigurationReference = DF80766634E60274555D7252 /* Pods-MyPhotoViewerTests.debug.xcconfig */;
			buildSettings = {
				ALWAYS_EMBED_SWIFT_STANDARD_LIBRARIES = YES;
				BUNDLE_LOADER = "$(TEST_HOST)";
				DEVELOPMENT_TEAM = 8VC65F749H;
				INFOPLIST_FILE = MyPhotoViewerTests/Info.plist;
				LD_RUNPATH_SEARCH_PATHS = "$(inherited) @executable_path/Frameworks @loader_path/Frameworks";
				PRODUCT_BUNDLE_IDENTIFIER = SpongeBrain.MyPhotoViewerTests;
				PRODUCT_NAME = "$(TARGET_NAME)";
				SWIFT_VERSION = 4.0;
				TARGETED_DEVICE_FAMILY = "1,2";
				TEST_HOST = "$(BUILT_PRODUCTS_DIR)/MyPhotoViewer.app/MyPhotoViewer";
			};
			name = Debug;
		};
		383A8FAE1F70EBB700216B24 /* Release */ = {
			isa = XCBuildConfiguration;
			baseConfigurationReference = AF4DDDC2F9D5AC00D741E3F7 /* Pods-MyPhotoViewerTests.release.xcconfig */;
			buildSettings = {
				ALWAYS_EMBED_SWIFT_STANDARD_LIBRARIES = YES;
				BUNDLE_LOADER = "$(TEST_HOST)";
				DEVELOPMENT_TEAM = 8VC65F749H;
				INFOPLIST_FILE = MyPhotoViewerTests/Info.plist;
				LD_RUNPATH_SEARCH_PATHS = "$(inherited) @executable_path/Frameworks @loader_path/Frameworks";
				PRODUCT_BUNDLE_IDENTIFIER = SpongeBrain.MyPhotoViewerTests;
				PRODUCT_NAME = "$(TARGET_NAME)";
				SWIFT_VERSION = 4.0;
				TARGETED_DEVICE_FAMILY = "1,2";
				TEST_HOST = "$(BUILT_PRODUCTS_DIR)/MyPhotoViewer.app/MyPhotoViewer";
			};
			name = Release;
		};
/* End XCBuildConfiguration section */

/* Begin XCConfigurationList section */
		383A8F871F70EBB600216B24 /* Build configuration list for PBXProject "MyPhotoViewer" */ = {
			isa = XCConfigurationList;
			buildConfigurations = (
				383A8FA71F70EBB700216B24 /* Debug */,
				383A8FA81F70EBB700216B24 /* Release */,
			);
			defaultConfigurationIsVisible = 0;
			defaultConfigurationName = Release;
		};
		383A8FA91F70EBB700216B24 /* Build configuration list for PBXNativeTarget "MyPhotoViewer" */ = {
			isa = XCConfigurationList;
			buildConfigurations = (
				383A8FAA1F70EBB700216B24 /* Debug */,
				383A8FAB1F70EBB700216B24 /* Release */,
			);
			defaultConfigurationIsVisible = 0;
			defaultConfigurationName = Release;
		};
		383A8FAC1F70EBB700216B24 /* Build configuration list for PBXNativeTarget "MyPhotoViewerTests" */ = {
			isa = XCConfigurationList;
			buildConfigurations = (
				383A8FAD1F70EBB700216B24 /* Debug */,
				383A8FAE1F70EBB700216B24 /* Release */,
			);
			defaultConfigurationIsVisible = 0;
			defaultConfigurationName = Release;
		};
/* End XCConfigurationList section */
	};
	rootObject = 383A8F841F70EBB600216B24 /* Project object */;
}
